
Microsoft Visual Studio Solution File, Format Version 12.00
# Visual Studio 15
VisualStudioVersion = 15.0.28010.2046
MinimumVisualStudioVersion = 10.0.40219.1
Project("{FAE04EC0-301F-11D3-BF4B-00C04F79EFBC}") = "ControleCofre.VIEW", "ControleCofre\ControleCofre.VIEW.csproj", "{48C094CD-FE33-49B7-89AE-58853F1DB5A7}"
EndProject
Project("{FAE04EC0-301F-11D3-BF4B-00C04F79EFBC}") = "ControleCofre.DTO", "ControleCofre.DTO\ControleCofre.DTO.csproj", "{87F40BA4-5545-4F86-8190-3F57AB99215E}"
EndProject
Project("{FAE04EC0-301F-11D3-BF4B-00C04F79EFBC}") = "ControleCofre.DAL", "ControleCofre.DAL\ControleCofre.DAL.csproj", "{42A806D8-5AC8-4710-98D4-9CC12BBA4B97}"
EndProject
Project("{FAE04EC0-301F-11D3-BF4B-00C04F79EFBC}") = "Relatorios", "Relatorios\Relatorios.csproj", "{5E5126B1-E7FC-4E22-B89F-1AA35C09D42F}"
EndProject
Global
	GlobalSection(SolutionConfigurationPlatforms) = preSolution
		Debug|Any CPU = Debug|Any CPU
		Release|Any CPU = Release|Any CPU
	EndGlobalSection
	GlobalSection(ProjectConfigurationPlatforms) = postSolution
		{48C094CD-FE33-49B7-89AE-58853F1DB5A7}.Debug|Any CPU.ActiveCfg = Debug|Any CPU
		{48C094CD-FE33-49B7-89AE-58853F1DB5A7}.Debug|Any CPU.Build.0 = Debug|Any CPU
		{48C094CD-FE33-49B7-89AE-58853F1DB5A7}.Release|Any CPU.ActiveCfg = Release|Any CPU
		{48C094CD-FE33-49B7-89AE-58853F1DB5A7}.Release|Any CPU.Build.0 = Release|Any CPU
		{87F40BA4-5545-4F86-8190-3F57AB99215E}.Debug|Any CPU.ActiveCfg = Debug|Any CPU
		{87F40BA4-5545-4F86-8190-3F57AB99215E}.Debug|Any CPU.Build.0 = Debug|Any CPU
		{87F40BA4-5545-4F86-8190-3F57AB99215E}.Release|Any CPU.ActiveCfg = Release|Any CPU
		{87F40BA4-5545-4F86-8190-3F57AB99215E}.Release|Any CPU.Build.0 = Release|Any CPU
		{42A806D8-5AC8-4710-98D4-9CC12BBA4B97}.Debug|Any CPU.ActiveCfg = Debug|Any CPU
		{42A806D8-5AC8-4710-98D4-9CC12BBA4B97}.Debug|Any CPU.Build.0 = Debug|Any CPU
		{42A806D8-5AC8-4710-98D4-9CC12BBA4B97}.Release|Any CPU.ActiveCfg = Release|Any CPU
		{42A806D8-5AC8-4710-98D4-9CC12BBA4B97}.Release|Any CPU.Build.0 = Release|Any CPU
		{5E5126B1-E7FC-4E22-B89F-1AA35C09D42F}.Debug|Any CPU.ActiveCfg = Debug|Any CPU
		{5E5126B1-E7FC-4E22-B89F-1AA35C09D42F}.Debug|Any CPU.Build.0 = Debug|Any CPU
		{5E5126B1-E7FC-4E22-B89F-1AA35C09D42F}.Release|Any CPU.ActiveCfg = Release|Any CPU
		{5E5126B1-E7FC-4E22-B89F-1AA35C09D42F}.Release|Any CPU.Build.0 = Release|Any CPU
	EndGlobalSection
	GlobalSection(SolutionProperties) = preSolution
		HideSolutionNode = FALSE
	EndGlobalSection
	GlobalSection(ExtensibilityGlobals) = postSolution
		SolutionGuid = {91F85734-4569-4EE6-A23B-EE6618E7E2E9}
	EndGlobalSection
EndGlobal
